
Microsoft Visual Studio Solution File, Format Version 12.00
# Visual Studio Version 17
VisualStudioVersion = 17.14.36518.9
MinimumVisualStudioVersion = 10.0.40219.1
Project("{2150E333-8FDC-42A3-9474-1A3956D46DE8}") = "Services", "Services", "{02EA681E-C7D8-13C7-8484-4AC65E1B71E8}"
EndProject
Project("{2150E333-8FDC-42A3-9474-1A3956D46DE8}") = "Catalog", "Catalog", "{CF91194F-9FD9-4C69-88D0-E87F18778AA4}"
EndProject
Project("{FAE04EC0-301F-11D3-BF4B-00C04F79EFBC}") = "Catalog.API", "Services\Catalog\Catalog.API\Catalog.API.csproj", "{ECDA4CC1-0ACE-4312-916B-E4FF1BDE92F0}"
EndProject
Project("{2150E333-8FDC-42A3-9474-1A3956D46DE8}") = "BuildingBlocks", "BuildingBlocks", "{0FCC39DD-E051-464A-A646-05E16614B696}"
EndProject
Project("{FAE04EC0-301F-11D3-BF4B-00C04F79EFBC}") = "BuildingBlocks", "BuildingBlocks\BuildingBlocks.csproj", "{908AC2BB-651F-4718-B3EC-1384B79C37C6}"
EndProject
Project("{E53339B2-1760-4266-BCC7-CA923CBCF16C}") = "docker-compose", "docker-compose.dcproj", "{81DDED9D-158B-E303-5F62-77A2896D2A5A}"
EndProject
Project("{2150E333-8FDC-42A3-9474-1A3956D46DE8}") = "Basket", "Basket", "{B32D8EE1-6050-4CFF-B2BC-D01884D7D305}"
EndProject
Project("{FAE04EC0-301F-11D3-BF4B-00C04F79EFBC}") = "Basket.API", "Services\Basket\Basket.API\Basket.API.csproj", "{97EEE9D6-F2D2-4475-99EF-57F74EAFC79A}"
EndProject
Project("{2150E333-8FDC-42A3-9474-1A3956D46DE8}") = "Discount", "Discount", "{E2F3A61B-C4B6-4B28-9629-57CED2F823D0}"
EndProject
Project("{FAE04EC0-301F-11D3-BF4B-00C04F79EFBC}") = "Discount.Grpc", "Services\Discount\Discount.Grpc\Discount.Grpc.csproj", "{DE05AA7A-3DE6-789B-E477-765967CC5C57}"
EndProject
Project("{2150E333-8FDC-42A3-9474-1A3956D46DE8}") = "Ordering", "Ordering", "{F93F2F5A-62A1-487F-B01B-F0DE30439D68}"
EndProject
Project("{FAE04EC0-301F-11D3-BF4B-00C04F79EFBC}") = "Ordering.API", "Services\Ordering\Ordering.API\Ordering.API.csproj", "{235D4BB4-7E52-4F6F-8B90-B0AC91E056ED}"
EndProject
Project("{FAE04EC0-301F-11D3-BF4B-00C04F79EFBC}") = "Ordering.Domain", "Services\Ordering\Ordering.Domain\Ordering.Domain.csproj", "{B628D299-104E-40F1-8B8A-8E21CF09DD43}"
EndProject
Project("{FAE04EC0-301F-11D3-BF4B-00C04F79EFBC}") = "Ordering.Application", "Services\Ordering\Ordering.Application\Ordering.Application.csproj", "{FCC9435A-E138-447F-A863-4FE6670A6AB9}"
EndProject
Project("{FAE04EC0-301F-11D3-BF4B-00C04F79EFBC}") = "Ordering.Infrastructure", "Services\Ordering\Ordering.Infrastructure\Ordering.Infrastructure.csproj", "{AC1C1D6B-C358-4735-A72C-6F2A69807671}"
EndProject
Project("{FAE04EC0-301F-11D3-BF4B-00C04F79EFBC}") = "BuildingBlocks.Messaging", "BuildingBlocks.Messaging\BuildingBlocks.Messaging.csproj", "{2684CF09-7998-4FCC-B9BE-210AEABD621A}"
EndProject
Global
	GlobalSection(SolutionConfigurationPlatforms) = preSolution
		Debug|Any CPU = Debug|Any CPU
		Release|Any CPU = Release|Any CPU
	EndGlobalSection
	GlobalSection(ProjectConfigurationPlatforms) = postSolution
		{ECDA4CC1-0ACE-4312-916B-E4FF1BDE92F0}.Debug|Any CPU.ActiveCfg = Debug|Any CPU
		{ECDA4CC1-0ACE-4312-916B-E4FF1BDE92F0}.Debug|Any CPU.Build.0 = Debug|Any CPU
		{ECDA4CC1-0ACE-4312-916B-E4FF1BDE92F0}.Release|Any CPU.ActiveCfg = Release|Any CPU
		{ECDA4CC1-0ACE-4312-916B-E4FF1BDE92F0}.Release|Any CPU.Build.0 = Release|Any CPU
		{908AC2BB-651F-4718-B3EC-1384B79C37C6}.Debug|Any CPU.ActiveCfg = Debug|Any CPU
		{908AC2BB-651F-4718-B3EC-1384B79C37C6}.Debug|Any CPU.Build.0 = Debug|Any CPU
		{908AC2BB-651F-4718-B3EC-1384B79C37C6}.Release|Any CPU.ActiveCfg = Release|Any CPU
		{908AC2BB-651F-4718-B3EC-1384B79C37C6}.Release|Any CPU.Build.0 = Release|Any CPU
		{81DDED9D-158B-E303-5F62-77A2896D2A5A}.Debug|Any CPU.ActiveCfg = Debug|Any CPU
		{81DDED9D-158B-E303-5F62-77A2896D2A5A}.Debug|Any CPU.Build.0 = Debug|Any CPU
		{81DDED9D-158B-E303-5F62-77A2896D2A5A}.Release|Any CPU.ActiveCfg = Release|Any CPU
		{81DDED9D-158B-E303-5F62-77A2896D2A5A}.Release|Any CPU.Build.0 = Release|Any CPU
		{97EEE9D6-F2D2-4475-99EF-57F74EAFC79A}.Debug|Any CPU.ActiveCfg = Debug|Any CPU
		{97EEE9D6-F2D2-4475-99EF-57F74EAFC79A}.Debug|Any CPU.Build.0 = Debug|Any CPU
		{97EEE9D6-F2D2-4475-99EF-57F74EAFC79A}.Release|Any CPU.ActiveCfg = Release|Any CPU
		{97EEE9D6-F2D2-4475-99EF-57F74EAFC79A}.Release|Any CPU.Build.0 = Release|Any CPU
		{DE05AA7A-3DE6-789B-E477-765967CC5C57}.Debug|Any CPU.ActiveCfg = Debug|Any CPU
		{DE05AA7A-3DE6-789B-E477-765967CC5C57}.Debug|Any CPU.Build.0 = Debug|Any CPU
		{DE05AA7A-3DE6-789B-E477-765967CC5C57}.Release|Any CPU.ActiveCfg = Release|Any CPU
		{DE05AA7A-3DE6-789B-E477-765967CC5C57}.Release|Any CPU.Build.0 = Release|Any CPU
		{235D4BB4-7E52-4F6F-8B90-B0AC91E056ED}.Debug|Any CPU.ActiveCfg = Debug|Any CPU
		{235D4BB4-7E52-4F6F-8B90-B0AC91E056ED}.Debug|Any CPU.Build.0 = Debug|Any CPU
		{235D4BB4-7E52-4F6F-8B90-B0AC91E056ED}.Release|Any CPU.ActiveCfg = Release|Any CPU
		{235D4BB4-7E52-4F6F-8B90-B0AC91E056ED}.Release|Any CPU.Build.0 = Release|Any CPU
		{B628D299-104E-40F1-8B8A-8E21CF09DD43}.Debug|Any CPU.ActiveCfg = Debug|Any CPU
		{B628D299-104E-40F1-8B8A-8E21CF09DD43}.Debug|Any CPU.Build.0 = Debug|Any CPU
		{B628D299-104E-40F1-8B8A-8E21CF09DD43}.Release|Any CPU.ActiveCfg = Release|Any CPU
		{B628D299-104E-40F1-8B8A-8E21CF09DD43}.Release|Any CPU.Build.0 = Release|Any CPU
		{FCC9435A-E138-447F-A863-4FE6670A6AB9}.Debug|Any CPU.ActiveCfg = Debug|Any CPU
		{FCC9435A-E138-447F-A863-4FE6670A6AB9}.Debug|Any CPU.Build.0 = Debug|Any CPU
		{FCC9435A-E138-447F-A863-4FE6670A6AB9}.Release|Any CPU.ActiveCfg = Release|Any CPU
		{FCC9435A-E138-447F-A863-4FE6670A6AB9}.Release|Any CPU.Build.0 = Release|Any CPU
		{AC1C1D6B-C358-4735-A72C-6F2A69807671}.Debug|Any CPU.ActiveCfg = Debug|Any CPU
		{AC1C1D6B-C358-4735-A72C-6F2A69807671}.Debug|Any CPU.Build.0 = Debug|Any CPU
		{AC1C1D6B-C358-4735-A72C-6F2A69807671}.Release|Any CPU.ActiveCfg = Release|Any CPU
		{AC1C1D6B-C358-4735-A72C-6F2A69807671}.Release|Any CPU.Build.0 = Release|Any CPU
		{2684CF09-7998-4FCC-B9BE-210AEABD621A}.Debug|Any CPU.ActiveCfg = Debug|Any CPU
		{2684CF09-7998-4FCC-B9BE-210AEABD621A}.Debug|Any CPU.Build.0 = Debug|Any CPU
		{2684CF09-7998-4FCC-B9BE-210AEABD621A}.Release|Any CPU.ActiveCfg = Release|Any CPU
		{2684CF09-7998-4FCC-B9BE-210AEABD621A}.Release|Any CPU.Build.0 = Release|Any CPU
	EndGlobalSection
	GlobalSection(SolutionProperties) = preSolution
		HideSolutionNode = FALSE
	EndGlobalSection
	GlobalSection(NestedProjects) = preSolution
		{CF91194F-9FD9-4C69-88D0-E87F18778AA4} = {02EA681E-C7D8-13C7-8484-4AC65E1B71E8}
		{ECDA4CC1-0ACE-4312-916B-E4FF1BDE92F0} = {CF91194F-9FD9-4C69-88D0-E87F18778AA4}
		{908AC2BB-651F-4718-B3EC-1384B79C37C6} = {0FCC39DD-E051-464A-A646-05E16614B696}
		{B32D8EE1-6050-4CFF-B2BC-D01884D7D305} = {02EA681E-C7D8-13C7-8484-4AC65E1B71E8}
		{97EEE9D6-F2D2-4475-99EF-57F74EAFC79A} = {B32D8EE1-6050-4CFF-B2BC-D01884D7D305}
		{E2F3A61B-C4B6-4B28-9629-57CED2F823D0} = {02EA681E-C7D8-13C7-8484-4AC65E1B71E8}
		{DE05AA7A-3DE6-789B-E477-765967CC5C57} = {E2F3A61B-C4B6-4B28-9629-57CED2F823D0}
		{F93F2F5A-62A1-487F-B01B-F0DE30439D68} = {02EA681E-C7D8-13C7-8484-4AC65E1B71E8}
		{235D4BB4-7E52-4F6F-8B90-B0AC91E056ED} = {F93F2F5A-62A1-487F-B01B-F0DE30439D68}
		{B628D299-104E-40F1-8B8A-8E21CF09DD43} = {F93F2F5A-62A1-487F-B01B-F0DE30439D68}
		{FCC9435A-E138-447F-A863-4FE6670A6AB9} = {F93F2F5A-62A1-487F-B01B-F0DE30439D68}
		{AC1C1D6B-C358-4735-A72C-6F2A69807671} = {F93F2F5A-62A1-487F-B01B-F0DE30439D68}
		{2684CF09-7998-4FCC-B9BE-210AEABD621A} = {0FCC39DD-E051-464A-A646-05E16614B696}
	EndGlobalSection
	GlobalSection(ExtensibilityGlobals) = postSolution
		SolutionGuid = {216CC2A5-9F78-4D96-B988-1FFBE764EB1E}
	EndGlobalSection
EndGlobal
